
Microsoft Visual Studio Solution File, Format Version 12.00
# Visual Studio Version 17
VisualStudioVersion = 17.8.34330.188
MinimumVisualStudioVersion = 10.0.40219.1
Project("{2150E333-8FDC-42A3-9474-1A3956D46DE8}") = "Services", "Services", "{DA5B3A83-FC9B-4195-AB02-123AB04DCFB5}"
EndProject
Project("{2150E333-8FDC-42A3-9474-1A3956D46DE8}") = "Catalog", "Catalog", "{ADD2A94F-4FBB-4052-A599-6AE78EF1F60F}"
EndProject
Project("{2150E333-8FDC-42A3-9474-1A3956D46DE8}") = "BuildingBlocks", "BuildingBlocks", "{2388A342-CE18-4DF7-B84F-C5050A239BC4}"
EndProject
Project("{9A19103F-16F7-4668-BE54-9A1E7A4F7556}") = "BuildingBlocks", "BuildingBlocks\BuildingBlocks\BuildingBlocks.csproj", "{B21B5686-D6AF-4060-B27B-E4E517A921EC}"
EndProject
Project("{E53339B2-1760-4266-BCC7-CA923CBCF16C}") = "docker-compose", "docker-compose.dcproj", "{A4059AFD-A0F0-4B49-929E-58162C7E8567}"
EndProject
Project("{9A19103F-16F7-4668-BE54-9A1E7A4F7556}") = "Catalog.API", "Services\Catalog\Catalog.API\Catalog.API.csproj", "{17985A6F-196D-4C3B-8671-8DD80630F73B}"
EndProject
Project("{2150E333-8FDC-42A3-9474-1A3956D46DE8}") = "Basket", "Basket", "{3C85990A-8F86-4257-A468-7EEBC767DDA7}"
EndProject
Project("{9A19103F-16F7-4668-BE54-9A1E7A4F7556}") = "Basket.API", "Services\Basket\Basket.API\Basket.API.csproj", "{CA2E5FF0-FFFD-4112-865F-9FFCDD28B66B}"
EndProject
Project("{2150E333-8FDC-42A3-9474-1A3956D46DE8}") = "Discount", "Discount", "{9DECACBD-01D3-494C-A33A-458A8E853B47}"
EndProject
Project("{9A19103F-16F7-4668-BE54-9A1E7A4F7556}") = "Discount.Grpc", "Services\Discount\Discount.Grpc\Discount.Grpc.csproj", "{6D2D5760-BEB1-438F-9D29-B70576E7B54C}"
EndProject
Project("{2150E333-8FDC-42A3-9474-1A3956D46DE8}") = "Ordering", "Ordering", "{0AB999FC-C748-4899-8E75-85F6303127FC}"
EndProject
Project("{FAE04EC0-301F-11D3-BF4B-00C04F79EFBC}") = "Ordering.API", "Services\Ordering\Ordering.API\Ordering.API.csproj", "{0199208C-A304-4408-8984-A7F755D15EBC}"
EndProject
Project("{FAE04EC0-301F-11D3-BF4B-00C04F79EFBC}") = "Ordering.Domain", "Services\Ordering\Ordering.Domain\Ordering.Domain.csproj", "{DB68BF10-11DD-4462-B274-9D3037975850}"
EndProject
Project("{FAE04EC0-301F-11D3-BF4B-00C04F79EFBC}") = "Ordering.Application", "Services\Ordering\Ordering.Application\Ordering.Application.csproj", "{06BDF9E4-9F8E-4B58-A85D-A068295F4245}"
EndProject
Project("{FAE04EC0-301F-11D3-BF4B-00C04F79EFBC}") = "Ordering.Infrastructure", "Services\Ordering\Ordering.Infrastructure\Ordering.Infrastructure.csproj", "{5E1249AF-16E0-4809-B476-E24F782BA9A3}"
EndProject
Global
	GlobalSection(SolutionConfigurationPlatforms) = preSolution
		Debug|Any CPU = Debug|Any CPU
		Release|Any CPU = Release|Any CPU
	EndGlobalSection
	GlobalSection(ProjectConfigurationPlatforms) = postSolution
		{B21B5686-D6AF-4060-B27B-E4E517A921EC}.Debug|Any CPU.ActiveCfg = Debug|Any CPU
		{B21B5686-D6AF-4060-B27B-E4E517A921EC}.Debug|Any CPU.Build.0 = Debug|Any CPU
		{B21B5686-D6AF-4060-B27B-E4E517A921EC}.Release|Any CPU.ActiveCfg = Release|Any CPU
		{B21B5686-D6AF-4060-B27B-E4E517A921EC}.Release|Any CPU.Build.0 = Release|Any CPU
		{A4059AFD-A0F0-4B49-929E-58162C7E8567}.Debug|Any CPU.ActiveCfg = Debug|Any CPU
		{A4059AFD-A0F0-4B49-929E-58162C7E8567}.Debug|Any CPU.Build.0 = Debug|Any CPU
		{A4059AFD-A0F0-4B49-929E-58162C7E8567}.Release|Any CPU.ActiveCfg = Release|Any CPU
		{A4059AFD-A0F0-4B49-929E-58162C7E8567}.Release|Any CPU.Build.0 = Release|Any CPU
		{17985A6F-196D-4C3B-8671-8DD80630F73B}.Debug|Any CPU.ActiveCfg = Debug|Any CPU
		{17985A6F-196D-4C3B-8671-8DD80630F73B}.Debug|Any CPU.Build.0 = Debug|Any CPU
		{17985A6F-196D-4C3B-8671-8DD80630F73B}.Release|Any CPU.ActiveCfg = Release|Any CPU
		{17985A6F-196D-4C3B-8671-8DD80630F73B}.Release|Any CPU.Build.0 = Release|Any CPU
		{CA2E5FF0-FFFD-4112-865F-9FFCDD28B66B}.Debug|Any CPU.ActiveCfg = Debug|Any CPU
		{CA2E5FF0-FFFD-4112-865F-9FFCDD28B66B}.Debug|Any CPU.Build.0 = Debug|Any CPU
		{CA2E5FF0-FFFD-4112-865F-9FFCDD28B66B}.Release|Any CPU.ActiveCfg = Release|Any CPU
		{CA2E5FF0-FFFD-4112-865F-9FFCDD28B66B}.Release|Any CPU.Build.0 = Release|Any CPU
		{6D2D5760-BEB1-438F-9D29-B70576E7B54C}.Debug|Any CPU.ActiveCfg = Debug|Any CPU
		{6D2D5760-BEB1-438F-9D29-B70576E7B54C}.Debug|Any CPU.Build.0 = Debug|Any CPU
		{6D2D5760-BEB1-438F-9D29-B70576E7B54C}.Release|Any CPU.ActiveCfg = Release|Any CPU
		{6D2D5760-BEB1-438F-9D29-B70576E7B54C}.Release|Any CPU.Build.0 = Release|Any CPU
		{0199208C-A304-4408-8984-A7F755D15EBC}.Debug|Any CPU.ActiveCfg = Debug|Any CPU
		{0199208C-A304-4408-8984-A7F755D15EBC}.Debug|Any CPU.Build.0 = Debug|Any CPU
		{0199208C-A304-4408-8984-A7F755D15EBC}.Release|Any CPU.ActiveCfg = Release|Any CPU
		{0199208C-A304-4408-8984-A7F755D15EBC}.Release|Any CPU.Build.0 = Release|Any CPU
		{DB68BF10-11DD-4462-B274-9D3037975850}.Debug|Any CPU.ActiveCfg = Debug|Any CPU
		{DB68BF10-11DD-4462-B274-9D3037975850}.Debug|Any CPU.Build.0 = Debug|Any CPU
		{DB68BF10-11DD-4462-B274-9D3037975850}.Release|Any CPU.ActiveCfg = Release|Any CPU
		{DB68BF10-11DD-4462-B274-9D3037975850}.Release|Any CPU.Build.0 = Release|Any CPU
		{06BDF9E4-9F8E-4B58-A85D-A068295F4245}.Debug|Any CPU.ActiveCfg = Debug|Any CPU
		{06BDF9E4-9F8E-4B58-A85D-A068295F4245}.Debug|Any CPU.Build.0 = Debug|Any CPU
		{06BDF9E4-9F8E-4B58-A85D-A068295F4245}.Release|Any CPU.ActiveCfg = Release|Any CPU
		{06BDF9E4-9F8E-4B58-A85D-A068295F4245}.Release|Any CPU.Build.0 = Release|Any CPU
		{5E1249AF-16E0-4809-B476-E24F782BA9A3}.Debug|Any CPU.ActiveCfg = Debug|Any CPU
		{5E1249AF-16E0-4809-B476-E24F782BA9A3}.Debug|Any CPU.Build.0 = Debug|Any CPU
		{5E1249AF-16E0-4809-B476-E24F782BA9A3}.Release|Any CPU.ActiveCfg = Release|Any CPU
		{5E1249AF-16E0-4809-B476-E24F782BA9A3}.Release|Any CPU.Build.0 = Release|Any CPU
	EndGlobalSection
	GlobalSection(SolutionProperties) = preSolution
		HideSolutionNode = FALSE
	EndGlobalSection
	GlobalSection(NestedProjects) = preSolution
		{ADD2A94F-4FBB-4052-A599-6AE78EF1F60F} = {DA5B3A83-FC9B-4195-AB02-123AB04DCFB5}
		{B21B5686-D6AF-4060-B27B-E4E517A921EC} = {2388A342-CE18-4DF7-B84F-C5050A239BC4}
		{17985A6F-196D-4C3B-8671-8DD80630F73B} = {ADD2A94F-4FBB-4052-A599-6AE78EF1F60F}
		{3C85990A-8F86-4257-A468-7EEBC767DDA7} = {DA5B3A83-FC9B-4195-AB02-123AB04DCFB5}
		{CA2E5FF0-FFFD-4112-865F-9FFCDD28B66B} = {3C85990A-8F86-4257-A468-7EEBC767DDA7}
		{9DECACBD-01D3-494C-A33A-458A8E853B47} = {DA5B3A83-FC9B-4195-AB02-123AB04DCFB5}
		{6D2D5760-BEB1-438F-9D29-B70576E7B54C} = {9DECACBD-01D3-494C-A33A-458A8E853B47}
		{0AB999FC-C748-4899-8E75-85F6303127FC} = {DA5B3A83-FC9B-4195-AB02-123AB04DCFB5}
		{0199208C-A304-4408-8984-A7F755D15EBC} = {0AB999FC-C748-4899-8E75-85F6303127FC}
		{DB68BF10-11DD-4462-B274-9D3037975850} = {0AB999FC-C748-4899-8E75-85F6303127FC}
		{06BDF9E4-9F8E-4B58-A85D-A068295F4245} = {0AB999FC-C748-4899-8E75-85F6303127FC}
		{5E1249AF-16E0-4809-B476-E24F782BA9A3} = {0AB999FC-C748-4899-8E75-85F6303127FC}
	EndGlobalSection
	GlobalSection(ExtensibilityGlobals) = postSolution
		SolutionGuid = {0199717E-BC17-4751-93B7-65F33D0E9CDE}
	EndGlobalSection
EndGlobal
